
Microsoft Visual Studio Solution File, Format Version 12.00
# Visual Studio Version 16
VisualStudioVersion = 16.0.32002.261
MinimumVisualStudioVersion = 10.0.40219.1
Project("{FAE04EC0-301F-11D3-BF4B-00C04F79EFBC}") = "22-02-22 classes ex 2", "22-02-22 classes ex 2\22-02-22 classes ex 2.csproj", "{EDD30B18-0132-45D1-B9C4-B1A63D79FAFF}"
EndProject
Global
	GlobalSection(SolutionConfigurationPlatforms) = preSolution
		Debug|Any CPU = Debug|Any CPU
		Release|Any CPU = Release|Any CPU
	EndGlobalSection
	GlobalSection(ProjectConfigurationPlatforms) = postSolution
		{EDD30B18-0132-45D1-B9C4-B1A63D79FAFF}.Debug|Any CPU.ActiveCfg = Debug|Any CPU
		{EDD30B18-0132-45D1-B9C4-B1A63D79FAFF}.Debug|Any CPU.Build.0 = Debug|Any CPU
		{EDD30B18-0132-45D1-B9C4-B1A63D79FAFF}.Release|Any CPU.ActiveCfg = Release|Any CPU
		{EDD30B18-0132-45D1-B9C4-B1A63D79FAFF}.Release|Any CPU.Build.0 = Release|Any CPU
	EndGlobalSection
	GlobalSection(SolutionProperties) = preSolution
		HideSolutionNode = FALSE
	EndGlobalSection
	GlobalSection(ExtensibilityGlobals) = postSolution
		SolutionGuid = {C1F8FA69-15EA-4DC7-AD75-4B86E48DD065}
	EndGlobalSection
EndGlobal
